SITE
  remote: https://supermarket.getchef.com/api/v1
  specs:
    7-zip (1.0.2)
      windows (>= 1.2.2)
    apt (2.6.0)
    ark (0.9.0)
      7-zip (>= 0.0.0)
      windows (>= 0.0.0)
    build-essential (2.1.3)
    chef_handler (1.1.6)
    dmg (2.2.2)
    git (4.0.2)
      build-essential (>= 0.0.0)
      dmg (>= 0.0.0)
      runit (>= 1.0.0)
      windows (>= 0.0.0)
      yum (~> 3.0)
      yum-epel (>= 0.0.0)
    git_user (0.3.1)
      git (>= 0.0.0)
      ssh_known_hosts (>= 0.0.0)
      user (>= 0.0.0)
    java (1.29.0)
    mercurial (2.0.4)
      build-essential (>= 0.0.0)
      python (>= 0.0.0)
      windows (>= 0.0.0)
    nodejs (2.2.0)
      apt (>= 0.0.0)
      ark (>= 0.0.0)
      build-essential (>= 0.0.0)
      yum-epel (>= 0.0.0)
    partial_search (1.0.8)
    python (1.4.6)
      build-essential (>= 0.0.0)
      yum-epel (>= 0.0.0)
    runit (1.5.10)
      build-essential (>= 0.0.0)
      yum (~> 3.0)
      yum-epel (>= 0.0.0)
    ssh_known_hosts (2.0.0)
      partial_search (>= 0.0.0)
    vim (1.1.2)
    windows (1.34.8)
      chef_handler (>= 0.0.0)
    yum (3.5.1)
    yum-epel (0.5.3)
      yum (~> 3.0)

GIT
  remote: https://github.com/fnichol/chef-user
  ref: master
  sha: 62e3e2b6848445f80ba1ff22bd82c57c63fa72e5
  specs:
    user (0.3.1)

GIT
  remote: https://github.com/nathanph/cookbook-vim_config
  ref: master
  sha: 0319f683bae0c550b7dd824cc71015d97bfdad0d
  specs:
    vim_config (2.0.0)
      git (>= 0.0.0)
      mercurial (>= 0.0.0)

DEPENDENCIES
  apt (>= 0)
  build-essential (>= 0)
  git (>= 0)
  git_user (>= 0)
  java (>= 0)
  nodejs (>= 0)
  python (>= 0)
  user (>= 0)
  vim (>= 0)
  vim_config (>= 0)

